// !$*UTF8*$!
{
	archiveVersion = 1;
	classes = {
	};
	objectVersion = 51;
	objects = {

/* Begin PBXBuildFile section */
		1883313F22A27F140023378D /* UDPManage.m in Sources */ = {isa = PBXBuildFile; fileRef = 1883313E22A27F140023378D /* UDPManage.m */; };
		2F140EB922B891CC00B241B9 /* PopListCell.m in Sources */ = {isa = PBXBuildFile; fileRef = 2F140EB722B891CC00B241B9 /* PopListCell.m */; };
		2F140EBA22B891CC00B241B9 /* PopListCell.xib in Resources */ = {isa = PBXBuildFile; fileRef = 2F140EB822B891CC00B241B9 /* PopListCell.xib */; };
		2F439EDE229BCAA100DD430B /* AppDelegate.m in Sources */ = {isa = PBXBuildFile; fileRef = 2F439EDD229BCAA100DD430B /* AppDelegate.m */; };
		2F439EE1229BCAA100DD430B /* ViewController.m in Sources */ = {isa = PBXBuildFile; fileRef = 2F439EE0229BCAA100DD430B /* ViewController.m */; };
		2F439EE4229BCAA100DD430B /* Main.storyboard in Resources */ = {isa = PBXBuildFile; fileRef = 2F439EE2229BCAA100DD430B /* Main.storyboard */; };
		2F439EE6229BCAA600DD430B /* Assets.xcassets in Resources */ = {isa = PBXBuildFile; fileRef = 2F439EE5229BCAA600DD430B /* Assets.xcassets */; };
		2F439EE9229BCAA600DD430B /* LaunchScreen.storyboard in Resources */ = {isa = PBXBuildFile; fileRef = 2F439EE7229BCAA600DD430B /* LaunchScreen.storyboard */; };
		2F439EEC229BCAA600DD430B /* main.m in Sources */ = {isa = PBXBuildFile; fileRef = 2F439EEB229BCAA600DD430B /* main.m */; };
		2F439EF6229BCAA600DD430B /* AstronomicalTelescopeTests.m in Sources */ = {isa = PBXBuildFile; fileRef = 2F439EF5229BCAA600DD430B /* AstronomicalTelescopeTests.m */; };
		2F439F01229BCAA600DD430B /* AstronomicalTelescopeUITests.m in Sources */ = {isa = PBXBuildFile; fileRef = 2F439F00229BCAA600DD430B /* AstronomicalTelescopeUITests.m */; };
		2F439F13229BCB3900DD430B /* LoginViewController.m in Sources */ = {isa = PBXBuildFile; fileRef = 2F439F11229BCB3900DD430B /* LoginViewController.m */; };
		2F439F14229BCB3900DD430B /* LoginViewController.xib in Resources */ = {isa = PBXBuildFile; fileRef = 2F439F12229BCB3900DD430B /* LoginViewController.xib */; };
		2F9883CB22A67C890023326F /* WebViewVC.m in Sources */ = {isa = PBXBuildFile; fileRef = 2F9883C822A67C890023326F /* WebViewVC.m */; };
		2F9883CC22A67C890023326F /* PhoneInterface.m in Sources */ = {isa = PBXBuildFile; fileRef = 2F9883C922A67C890023326F /* PhoneInterface.m */; };
		2F9883D222A68A3D0023326F /* WebViewController.m in Sources */ = {isa = PBXBuildFile; fileRef = 2F9883D022A68A3D0023326F /* WebViewController.m */; };
		2FA5E82122A0BF9E001BC56E /* SLWebViewController.m in Sources */ = {isa = PBXBuildFile; fileRef = 2FA5E81F22A0BF9E001BC56E /* SLWebViewController.m */; };
		2FA5E82722A0C482001BC56E /* PatrolHttpRequest.m in Sources */ = {isa = PBXBuildFile; fileRef = 2FA5E82322A0C482001BC56E /* PatrolHttpRequest.m */; };
		2FA5E82822A0C482001BC56E /* BaseRequest.m in Sources */ = {isa = PBXBuildFile; fileRef = 2FA5E82522A0C482001BC56E /* BaseRequest.m */; };
		2FA5E82C22A0C4EF001BC56E /* PPConst.m in Sources */ = {isa = PBXBuildFile; fileRef = 2FA5E82A22A0C4EF001BC56E /* PPConst.m */; };
		4B186EC122BE0761003BCB74 /* XSDLocationTools.m in Sources */ = {isa = PBXBuildFile; fileRef = 4B186EC022BE0761003BCB74 /* XSDLocationTools.m */; };
		4B186EC722BE20FF003BCB74 /* fonts in Resources */ = {isa = PBXBuildFile; fileRef = 4B186EC222BE20FF003BCB74 /* fonts */; };
		4B186EC822BE20FF003BCB74 /* images in Resources */ = {isa = PBXBuildFile; fileRef = 4B186EC322BE20FF003BCB74 /* images */; };
		4B186EC922BE20FF003BCB74 /* css in Resources */ = {isa = PBXBuildFile; fileRef = 4B186EC422BE20FF003BCB74 /* css */; };
		4B186ECA22BE20FF003BCB74 /* Main.html in Resources */ = {isa = PBXBuildFile; fileRef = 4B186EC522BE20FF003BCB74 /* Main.html */; };
		4B186ECB22BE20FF003BCB74 /* js in Resources */ = {isa = PBXBuildFile; fileRef = 4B186EC622BE20FF003BCB74 /* js */; };
		4BACEF7322B7F09400C5D5DB /* MessageBoxVC.m in Sources */ = {isa = PBXBuildFile; fileRef = 4BACEF7122B7F09400C5D5DB /* MessageBoxVC.m */; };
		4BACEF7422B7F09400C5D5DB /* MessageBoxVC.xib in Resources */ = {isa = PBXBuildFile; fileRef = 4BACEF7222B7F09400C5D5DB /* MessageBoxVC.xib */; };
		779A0ED2B0142A1B624AC710 /* libPods-AstronomicalTelescope.a in Frameworks */ = {isa = PBXBuildFile; fileRef = F3E8DB55388669AFCD0ACA29 /* libPods-AstronomicalTelescope.a */; };
/* End PBXBuildFile section */

/* Begin PBXContainerItemProxy section */
		2F439EF2229BCAA600DD430B /* PBXContainerItemProxy */ = {
			isa = PBXContainerItemProxy;
			containerPortal = 2F439ED1229BCAA100DD430B /* Project object */;
			proxyType = 1;
			remoteGlobalIDString = 2F439ED8229BCAA100DD430B;
			remoteInfo = AstronomicalTelescope;
		};
		2F439EFD229BCAA600DD430B /* PBXContainerItemProxy */ = {
			isa = PBXContainerItemProxy;
			containerPortal = 2F439ED1229BCAA100DD430B /* Project object */;
			proxyType = 1;
			remoteGlobalIDString = 2F439ED8229BCAA100DD430B;
			remoteInfo = AstronomicalTelescope;
		};
/* End PBXContainerItemProxy section */

/* Begin PBXFileReference section */
		1883313D22A27F140023378D /* UDPManage.h */ = {isa = PBXFileReference; lastKnownFileType = sourcecode.c.h; path = UDPManage.h; sourceTree = "<group>"; };
		1883313E22A27F140023378D /* UDPManage.m */ = {isa = PBXFileReference; lastKnownFileType = sourcecode.c.objc; path = UDPManage.m; sourceTree = "<group>"; };
		2F140EB622B891CB00B241B9 /* PopListCell.h */ = {isa = PBXFileReference; lastKnownFileType = sourcecode.c.h; path = PopListCell.h; sourceTree = "<group>"; };
		2F140EB722B891CC00B241B9 /* PopListCell.m */ = {isa = PBXFileReference; lastKnownFileType = sourcecode.c.objc; path = PopListCell.m; sourceTree = "<group>"; };
		2F140EB822B891CC00B241B9 /* PopListCell.xib */ = {isa = PBXFileReference; lastKnownFileType = file.xib; path = PopListCell.xib; sourceTree = "<group>"; };
		2F439ED9229BCAA100DD430B /* AstronomicalTelescope.app */ = {isa = PBXFileReference; explicitFileType = wrapper.application; includeInIndex = 0; path = AstronomicalTelescope.app; sourceTree = BUILT_PRODUCTS_DIR; };
		2F439EDC229BCAA100DD430B /* AppDelegate.h */ = {isa = PBXFileReference; lastKnownFileType = sourcecode.c.h; path = AppDelegate.h; sourceTree = "<group>"; };
		2F439EDD229BCAA100DD430B /* AppDelegate.m */ = {isa = PBXFileReference; lastKnownFileType = sourcecode.c.objc; path = AppDelegate.m; sourceTree = "<group>"; };
		2F439EDF229BCAA100DD430B /* ViewController.h */ = {isa = PBXFileReference; lastKnownFileType = sourcecode.c.h; path = ViewController.h; sourceTree = "<group>"; };
		2F439EE0229BCAA100DD430B /* ViewController.m */ = {isa = PBXFileReference; lastKnownFileType = sourcecode.c.objc; path = ViewController.m; sourceTree = "<group>"; };
		2F439EE3229BCAA100DD430B /* Base */ = {isa = PBXFileReference; lastKnownFileType = file.storyboard; name = Base; path = Base.lproj/Main.storyboard; sourceTree = "<group>"; };
		2F439EE5229BCAA600DD430B /* Assets.xcassets */ = {isa = PBXFileReference; lastKnownFileType = folder.assetcatalog; path = Assets.xcassets; sourceTree = "<group>"; };
		2F439EE8229BCAA600DD430B /* Base */ = {isa = PBXFileReference; lastKnownFileType = file.storyboard; name = Base; path = Base.lproj/LaunchScreen.storyboard; sourceTree = "<group>"; };
		2F439EEA229BCAA600DD430B /* Info.plist */ = {isa = PBXFileReference; lastKnownFileType = text.plist.xml; path = Info.plist; sourceTree = "<group>"; };
		2F439EEB229BCAA600DD430B /* main.m */ = {isa = PBXFileReference; lastKnownFileType = sourcecode.c.objc; path = main.m; sourceTree = "<group>"; };
		2F439EF1229BCAA600DD430B /* AstronomicalTelescopeTests.xctest */ = {isa = PBXFileReference; explicitFileType = wrapper.cfbundle; includeInIndex = 0; path = AstronomicalTelescopeTests.xctest; sourceTree = BUILT_PRODUCTS_DIR; };
		2F439EF5229BCAA600DD430B /* AstronomicalTelescopeTests.m */ = {isa = PBXFileReference; lastKnownFileType = sourcecode.c.objc; path = AstronomicalTelescopeTests.m; sourceTree = "<group>"; };
		2F439EF7229BCAA600DD430B /* Info.plist */ = {isa = PBXFileReference; lastKnownFileType = text.plist.xml; path = Info.plist; sourceTree = "<group>"; };
		2F439EFC229BCAA600DD430B /* AstronomicalTelescopeUITests.xctest */ = {isa = PBXFileReference; explicitFileType = wrapper.cfbundle; includeInIndex = 0; path = AstronomicalTelescopeUITests.xctest; sourceTree = BUILT_PRODUCTS_DIR; };
		2F439F00229BCAA600DD430B /* AstronomicalTelescopeUITests.m */ = {isa = PBXFileReference; lastKnownFileType = sourcecode.c.objc; path = AstronomicalTelescopeUITests.m; sourceTree = "<group>"; };
		2F439F02229BCAA600DD430B /* Info.plist */ = {isa = PBXFileReference; lastKnownFileType = text.plist.xml; path = Info.plist; sourceTree = "<group>"; };
		2F439F10229BCB3900DD430B /* LoginViewController.h */ = {isa = PBXFileReference; lastKnownFileType = sourcecode.c.h; path = LoginViewController.h; sourceTree = "<group>"; };
		2F439F11229BCB3900DD430B /* LoginViewController.m */ = {isa = PBXFileReference; lastKnownFileType = sourcecode.c.objc; path = LoginViewController.m; sourceTree = "<group>"; };
		2F439F12229BCB3900DD430B /* LoginViewController.xib */ = {isa = PBXFileReference; lastKnownFileType = file.xib; path = LoginViewController.xib; sourceTree = "<group>"; };
		2F9883C722A67C890023326F /* PhoneInterface.h */ = {isa = PBXFileReference; fileEncoding = 4; lastKnownFileType = sourcecode.c.h; path = PhoneInterface.h; sourceTree = "<group>"; };
		2F9883C822A67C890023326F /* WebViewVC.m */ = {isa = PBXFileReference; fileEncoding = 4; lastKnownFileType = sourcecode.c.objc; path = WebViewVC.m; sourceTree = "<group>"; };
		2F9883C922A67C890023326F /* PhoneInterface.m */ = {isa = PBXFileReference; fileEncoding = 4; lastKnownFileType = sourcecode.c.objc; path = PhoneInterface.m; sourceTree = "<group>"; };
		2F9883CA22A67C890023326F /* WebViewVC.h */ = {isa = PBXFileReference; fileEncoding = 4; lastKnownFileType = sourcecode.c.h; path = WebViewVC.h; sourceTree = "<group>"; };
		2F9883D022A68A3D0023326F /* WebViewController.m */ = {isa = PBXFileReference; fileEncoding = 4; lastKnownFileType = sourcecode.c.objc; path = WebViewController.m; sourceTree = "<group>"; };
		2F9883D122A68A3D0023326F /* WebViewController.h */ = {isa = PBXFileReference; fileEncoding = 4; lastKnownFileType = sourcecode.c.h; path = WebViewController.h; sourceTree = "<group>"; };
		2FA5E81E22A0BEF1001BC56E /* PrefixHeader.pch */ = {isa = PBXFileReference; fileEncoding = 4; lastKnownFileType = sourcecode.c.h; path = PrefixHeader.pch; sourceTree = "<group>"; };
		2FA5E81F22A0BF9E001BC56E /* SLWebViewController.m */ = {isa = PBXFileReference; fileEncoding = 4; lastKnownFileType = sourcecode.c.objc; path = SLWebViewController.m; sourceTree = "<group>"; };
		2FA5E82022A0BF9E001BC56E /* SLWebViewController.h */ = {isa = PBXFileReference; fileEncoding = 4; lastKnownFileType = sourcecode.c.h; path = SLWebViewController.h; sourceTree = "<group>"; };
		2FA5E82322A0C482001BC56E /* PatrolHttpRequest.m */ = {isa = PBXFileReference; fileEncoding = 4; lastKnownFileType = sourcecode.c.objc; path = PatrolHttpRequest.m; sourceTree = "<group>"; };
		2FA5E82422A0C482001BC56E /* BaseRequest.h */ = {isa = PBXFileReference; fileEncoding = 4; lastKnownFileType = sourcecode.c.h; path = BaseRequest.h; sourceTree = "<group>"; };
		2FA5E82522A0C482001BC56E /* BaseRequest.m */ = {isa = PBXFileReference; fileEncoding = 4; lastKnownFileType = sourcecode.c.objc; path = BaseRequest.m; sourceTree = "<group>"; };
		2FA5E82622A0C482001BC56E /* PatrolHttpRequest.h */ = {isa = PBXFileReference; fileEncoding = 4; lastKnownFileType = sourcecode.c.h; path = PatrolHttpRequest.h; sourceTree = "<group>"; };
		2FA5E82922A0C4EE001BC56E /* PPConst.h */ = {isa = PBXFileReference; fileEncoding = 4; lastKnownFileType = sourcecode.c.h; path = PPConst.h; sourceTree = "<group>"; };
		2FA5E82A22A0C4EF001BC56E /* PPConst.m */ = {isa = PBXFileReference; fileEncoding = 4; lastKnownFileType = sourcecode.c.objc; path = PPConst.m; sourceTree = "<group>"; };
		2FA5E82B22A0C4EF001BC56E /* BlockDefinition.h */ = {isa = PBXFileReference; fileEncoding = 4; lastKnownFileType = sourcecode.c.h; path = BlockDefinition.h; sourceTree = "<group>"; };
		2FA5E82D22A0C54D001BC56E /* EnumerationDefinition.h */ = {isa = PBXFileReference; fileEncoding = 4; lastKnownFileType = sourcecode.c.h; path = EnumerationDefinition.h; sourceTree = "<group>"; };
		4B186EBF22BE0761003BCB74 /* XSDLocationTools.h */ = {isa = PBXFileReference; fileEncoding = 4; lastKnownFileType = sourcecode.c.h; path = XSDLocationTools.h; sourceTree = "<group>"; };
		4B186EC022BE0761003BCB74 /* XSDLocationTools.m */ = {isa = PBXFileReference; fileEncoding = 4; lastKnownFileType = sourcecode.c.objc; path = XSDLocationTools.m; sourceTree = "<group>"; };
		4B186EC222BE20FF003BCB74 /* fonts */ = {isa = PBXFileReference; lastKnownFileType = folder; path = fonts; sourceTree = "<group>"; };
		4B186EC322BE20FF003BCB74 /* images */ = {isa = PBXFileReference; lastKnownFileType = folder; path = images; sourceTree = "<group>"; };
		4B186EC422BE20FF003BCB74 /* css */ = {isa = PBXFileReference; lastKnownFileType = folder; path = css; sourceTree = "<group>"; };
		4B186EC522BE20FF003BCB74 /* Main.html */ = {isa = PBXFileReference; fileEncoding = 4; lastKnownFileType = text.html; path = Main.html; sourceTree = "<group>"; };
		4B186EC622BE20FF003BCB74 /* js */ = {isa = PBXFileReference; lastKnownFileType = folder; path = js; sourceTree = "<group>"; };
		4BACEF7022B7F09400C5D5DB /* MessageBoxVC.h */ = {isa = PBXFileReference; lastKnownFileType = sourcecode.c.h; path = MessageBoxVC.h; sourceTree = "<group>"; };
		4BACEF7122B7F09400C5D5DB /* MessageBoxVC.m */ = {isa = PBXFileReference; lastKnownFileType = sourcecode.c.objc; path = MessageBoxVC.m; sourceTree = "<group>"; };
		4BACEF7222B7F09400C5D5DB /* MessageBoxVC.xib */ = {isa = PBXFileReference; lastKnownFileType = file.xib; path = MessageBoxVC.xib; sourceTree = "<group>"; };
		5DDD1D9A364297F76D27DA4B /* Pods-AstronomicalTelescope.release.xcconfig */ = {isa = PBXFileReference; includeInIndex = 1; lastKnownFileType = text.xcconfig; name = "Pods-AstronomicalTelescope.release.xcconfig"; path = "Target Support Files/Pods-AstronomicalTelescope/Pods-AstronomicalTelescope.release.xcconfig"; sourceTree = "<group>"; };
		613F2B9A4A5E09021DBA6E79 /* Pods-AstronomicalTelescope.debug.xcconfig */ = {isa = PBXFileReference; includeInIndex = 1; lastKnownFileType = text.xcconfig; name = "Pods-AstronomicalTelescope.debug.xcconfig"; path = "Target Support Files/Pods-AstronomicalTelescope/Pods-AstronomicalTelescope.debug.xcconfig"; sourceTree = "<group>"; };
		F3E8DB55388669AFCD0ACA29 /* libPods-AstronomicalTelescope.a */ = {isa = PBXFileReference; explicitFileType = archive.ar; includeInIndex = 0; path = "libPods-AstronomicalTelescope.a"; sourceTree = BUILT_PRODUCTS_DIR; };
/* End PBXFileReference section */

/* Begin PBXFrameworksBuildPhase section */
		2F439ED6229BCAA100DD430B /* Frameworks */ = {
			isa = PBXFrameworksBuildPhase;
			buildActionMask = 2147483647;
			files = (
				779A0ED2B0142A1B624AC710 /* libPods-AstronomicalTelescope.a in Frameworks */,
			);
			runOnlyForDeploymentPostprocessing = 0;
		};
		2F439EEE229BCAA600DD430B /* Frameworks */ = {
			isa = PBXFrameworksBuildPhase;
			buildActionMask = 2147483647;
			files = (
			);
			runOnlyForDeploymentPostprocessing = 0;
		};
		2F439EF9229BCAA600DD430B /* Frameworks */ = {
			isa = PBXFrameworksBuildPhase;
			buildActionMask = 2147483647;
			files = (
			);
			runOnlyForDeploymentPostprocessing = 0;
		};
/* End PBXFrameworksBuildPhase section */

/* Begin PBXGroup section */
		2F439ED0229BCAA100DD430B = {
			isa = PBXGroup;
			children = (
				2F439EDB229BCAA100DD430B /* AstronomicalTelescope */,
				2F439EF4229BCAA600DD430B /* AstronomicalTelescopeTests */,
				2F439EFF229BCAA600DD430B /* AstronomicalTelescopeUITests */,
				2F439EDA229BCAA100DD430B /* Products */,
				EDF6FF4846F5AA99D2A55493 /* Pods */,
				A7A632068A2594A8B04A6BB7 /* Frameworks */,
			);
			sourceTree = "<group>";
		};
		2F439EDA229BCAA100DD430B /* Products */ = {
			isa = PBXGroup;
			children = (
				2F439ED9229BCAA100DD430B /* AstronomicalTelescope.app */,
				2F439EF1229BCAA600DD430B /* AstronomicalTelescopeTests.xctest */,
				2F439EFC229BCAA600DD430B /* AstronomicalTelescopeUITests.xctest */,
			);
			name = Products;
			sourceTree = "<group>";
		};
		2F439EDB229BCAA100DD430B /* AstronomicalTelescope */ = {
			isa = PBXGroup;
			children = (
				4B186EBE22BE0756003BCB74 /* Manager */,
				2F9883B722A6612A0023326F /* 资源 */,
				2FA5E82222A0C43A001BC56E /* Api */,
				2F439F0F229BCB1100DD430B /* 登录 */,
				2F439F0E229BCB1100DD430B /* Web */,
				2F439EDC229BCAA100DD430B /* AppDelegate.h */,
				2F439EDD229BCAA100DD430B /* AppDelegate.m */,
				2F439EDF229BCAA100DD430B /* ViewController.h */,
				2F439EE0229BCAA100DD430B /* ViewController.m */,
				2F439EE2229BCAA100DD430B /* Main.storyboard */,
				2F439EE5229BCAA600DD430B /* Assets.xcassets */,
				2F439EE7229BCAA600DD430B /* LaunchScreen.storyboard */,
				2F439EEA229BCAA600DD430B /* Info.plist */,
				2F439EEB229BCAA600DD430B /* main.m */,
				2FA5E81E22A0BEF1001BC56E /* PrefixHeader.pch */,
			);
			path = AstronomicalTelescope;
			sourceTree = "<group>";
		};
		2F439EF4229BCAA600DD430B /* AstronomicalTelescopeTests */ = {
			isa = PBXGroup;
			children = (
				2F439EF5229BCAA600DD430B /* AstronomicalTelescopeTests.m */,
				2F439EF7229BCAA600DD430B /* Info.plist */,
			);
			path = AstronomicalTelescopeTests;
			sourceTree = "<group>";
		};
		2F439EFF229BCAA600DD430B /* AstronomicalTelescopeUITests */ = {
			isa = PBXGroup;
			children = (
				2F439F00229BCAA600DD430B /* AstronomicalTelescopeUITests.m */,
				2F439F02229BCAA600DD430B /* Info.plist */,
			);
			path = AstronomicalTelescopeUITests;
			sourceTree = "<group>";
		};
		2F439F0E229BCB1100DD430B /* Web */ = {
			isa = PBXGroup;
			children = (
				2F9883CF22A68A3D0023326F /* demo */,
				2F9883C622A67C890023326F /* JSCore */,
				2FA5E82022A0BF9E001BC56E /* SLWebViewController.h */,
				2FA5E81F22A0BF9E001BC56E /* SLWebViewController.m */,
			);
			path = Web;
			sourceTree = "<group>";
		};
		2F439F0F229BCB1100DD430B /* 登录 */ = {
			isa = PBXGroup;
			children = (
				2F439F10229BCB3900DD430B /* LoginViewController.h */,
				2F439F11229BCB3900DD430B /* LoginViewController.m */,
				2F439F12229BCB3900DD430B /* LoginViewController.xib */,
				4BACEF7022B7F09400C5D5DB /* MessageBoxVC.h */,
				4BACEF7122B7F09400C5D5DB /* MessageBoxVC.m */,
				4BACEF7222B7F09400C5D5DB /* MessageBoxVC.xib */,
				2F140EB622B891CB00B241B9 /* PopListCell.h */,
				2F140EB722B891CC00B241B9 /* PopListCell.m */,
				2F140EB822B891CC00B241B9 /* PopListCell.xib */,
			);
			path = "登录";
			sourceTree = "<group>";
		};
		2F9883B722A6612A0023326F /* 资源 */ = {
			isa = PBXGroup;
			children = (
				4B186EC422BE20FF003BCB74 /* css */,
				4B186EC222BE20FF003BCB74 /* fonts */,
				4B186EC322BE20FF003BCB74 /* images */,
				4B186EC622BE20FF003BCB74 /* js */,
				4B186EC522BE20FF003BCB74 /* Main.html */,
			);
			path = "资源";
			sourceTree = "<group>";
		};
		2F9883C622A67C890023326F /* JSCore */ = {
			isa = PBXGroup;
			children = (
				2F9883C722A67C890023326F /* PhoneInterface.h */,
				2F9883C922A67C890023326F /* PhoneInterface.m */,
				2F9883CA22A67C890023326F /* WebViewVC.h */,
				2F9883C822A67C890023326F /* WebViewVC.m */,
			);
			path = JSCore;
			sourceTree = "<group>";
		};
		2F9883CF22A68A3D0023326F /* demo */ = {
			isa = PBXGroup;
			children = (
				2F9883D122A68A3D0023326F /* WebViewController.h */,
				2F9883D022A68A3D0023326F /* WebViewController.m */,
			);
			path = demo;
			sourceTree = "<group>";
		};
		2FA5E82222A0C43A001BC56E /* Api */ = {
			isa = PBXGroup;
			children = (
				2FA5E82D22A0C54D001BC56E /* EnumerationDefinition.h */,
				2FA5E82B22A0C4EF001BC56E /* BlockDefinition.h */,
				2FA5E82922A0C4EE001BC56E /* PPConst.h */,
				2FA5E82A22A0C4EF001BC56E /* PPConst.m */,
				2FA5E82422A0C482001BC56E /* BaseRequest.h */,
				2FA5E82522A0C482001BC56E /* BaseRequest.m */,
				2FA5E82622A0C482001BC56E /* PatrolHttpRequest.h */,
				2FA5E82322A0C482001BC56E /* PatrolHttpRequest.m */,
				1883313D22A27F140023378D /* UDPManage.h */,
				1883313E22A27F140023378D /* UDPManage.m */,
			);
			path = Api;
			sourceTree = "<group>";
		};
		4B186EBE22BE0756003BCB74 /* Manager */ = {
			isa = PBXGroup;
			children = (
				4B186EBF22BE0761003BCB74 /* XSDLocationTools.h */,
				4B186EC022BE0761003BCB74 /* XSDLocationTools.m */,
			);
			path = Manager;
			sourceTree = "<group>";
		};
		A7A632068A2594A8B04A6BB7 /* Frameworks */ = {
			isa = PBXGroup;
			children = (
				F3E8DB55388669AFCD0ACA29 /* libPods-AstronomicalTelescope.a */,
			);
			name = Frameworks;
			sourceTree = "<group>";
		};
		EDF6FF4846F5AA99D2A55493 /* Pods */ = {
			isa = PBXGroup;
			children = (
				613F2B9A4A5E09021DBA6E79 /* Pods-AstronomicalTelescope.debug.xcconfig */,
				5DDD1D9A364297F76D27DA4B /* Pods-AstronomicalTelescope.release.xcconfig */,
			);
			path = Pods;
			sourceTree = "<group>";
		};
/* End PBXGroup section */

/* Begin PBXNativeTarget section */
		2F439ED8229BCAA100DD430B /* AstronomicalTelescope */ = {
			isa = PBXNativeTarget;
			buildConfigurationList = 2F439F05229BCAA600DD430B /* Build configuration list for PBXNativeTarget "AstronomicalTelescope" */;
			buildPhases = (
				8EED3AB088B7438516E4A740 /* [CP] Check Pods Manifest.lock */,
				2F439ED5229BCAA100DD430B /* Sources */,
				2F439ED6229BCAA100DD430B /* Frameworks */,
				2F439ED7229BCAA100DD430B /* Resources */,
				5DE741B492757BB4A86F3598 /* [CP] Copy Pods Resources */,
			);
			buildRules = (
			);
			dependencies = (
			);
			name = AstronomicalTelescope;
			productName = AstronomicalTelescope;
			productReference = 2F439ED9229BCAA100DD430B /* AstronomicalTelescope.app */;
			productType = "com.apple.product-type.application";
		};
		2F439EF0229BCAA600DD430B /* AstronomicalTelescopeTests */ = {
			isa = PBXNativeTarget;
			buildConfigurationList = 2F439F08229BCAA600DD430B /* Build configuration list for PBXNativeTarget "AstronomicalTelescopeTests" */;
			buildPhases = (
				2F439EED229BCAA600DD430B /* Sources */,
				2F439EEE229BCAA600DD430B /* Frameworks */,
				2F439EEF229BCAA600DD430B /* Resources */,
			);
			buildRules = (
			);
			dependencies = (
				2F439EF3229BCAA600DD430B /* PBXTargetDependency */,
			);
			name = AstronomicalTelescopeTests;
			productName = AstronomicalTelescopeTests;
			productReference = 2F439EF1229BCAA600DD430B /* AstronomicalTelescopeTests.xctest */;
			productType = "com.apple.product-type.bundle.unit-test";
		};
		2F439EFB229BCAA600DD430B /* AstronomicalTelescopeUITests */ = {
			isa = PBXNativeTarget;
			buildConfigurationList = 2F439F0B229BCAA600DD430B /* Build configuration list for PBXNativeTarget "AstronomicalTelescopeUITests" */;
			buildPhases = (
				2F439EF8229BCAA600DD430B /* Sources */,
				2F439EF9229BCAA600DD430B /* Frameworks */,
				2F439EFA229BCAA600DD430B /* Resources */,
			);
			buildRules = (
			);
			dependencies = (
				2F439EFE229BCAA600DD430B /* PBXTargetDependency */,
			);
			name = AstronomicalTelescopeUITests;
			productName = AstronomicalTelescopeUITests;
			productReference = 2F439EFC229BCAA600DD430B /* AstronomicalTelescopeUITests.xctest */;
			productType = "com.apple.product-type.bundle.ui-testing";
		};
/* End PBXNativeTarget section */

/* Begin PBXProject section */
		2F439ED1229BCAA100DD430B /* Project object */ = {
			isa = PBXProject;
			attributes = {
				LastUpgradeCheck = 1020;
				ORGANIZATIONNAME = yang;
				TargetAttributes = {
					2F439ED8229BCAA100DD430B = {
						CreatedOnToolsVersion = 10.2.1;
					};
					2F439EF0229BCAA600DD430B = {
						CreatedOnToolsVersion = 10.2.1;
						TestTargetID = 2F439ED8229BCAA100DD430B;
					};
					2F439EFB229BCAA600DD430B = {
						CreatedOnToolsVersion = 10.2.1;
						TestTargetID = 2F439ED8229BCAA100DD430B;
					};
				};
			};
			buildConfigurationList = 2F439ED4229BCAA100DD430B /* Build configuration list for PBXProject "AstronomicalTelescope" */;
			compatibilityVersion = "Xcode 9.3";
			developmentRegion = en;
			hasScannedForEncodings = 0;
			knownRegions = (
				en,
				Base,
			);
			mainGroup = 2F439ED0229BCAA100DD430B;
			productRefGroup = 2F439EDA229BCAA100DD430B /* Products */;
			projectDirPath = "";
			projectRoot = "";
			targets = (
				2F439ED8229BCAA100DD430B /* AstronomicalTelescope */,
				2F439EF0229BCAA600DD430B /* AstronomicalTelescopeTests */,
				2F439EFB229BCAA600DD430B /* AstronomicalTelescopeUITests */,
			);
		};
/* End PBXProject section */

/* Begin PBXResourcesBuildPhase section */
		2F439ED7229BCAA100DD430B /* Resources */ = {
			isa = PBXResourcesBuildPhase;
			buildActionMask = 2147483647;
			files = (
				4B186EC922BE20FF003BCB74 /* css in Resources */,
				4BACEF7422B7F09400C5D5DB /* MessageBoxVC.xib in Resources */,
				2F140EBA22B891CC00B241B9 /* PopListCell.xib in Resources */,
				4B186ECA22BE20FF003BCB74 /* Main.html in Resources */,
				2F439F14229BCB3900DD430B /* LoginViewController.xib in Resources */,
				4B186EC722BE20FF003BCB74 /* fonts in Resources */,
				4B186ECB22BE20FF003BCB74 /* js in Resources */,
				4B186EC822BE20FF003BCB74 /* images in Resources */,
				2F439EE9229BCAA600DD430B /* LaunchScreen.storyboard in Resources */,
				2F439EE6229BCAA600DD430B /* Assets.xcassets in Resources */,
				2F439EE4229BCAA100DD430B /* Main.storyboard in Resources */,
			);
			runOnlyForDeploymentPostprocessing = 0;
		};
		2F439EEF229BCAA600DD430B /* Resources */ = {
			isa = PBXResourcesBuildPhase;
			buildActionMask = 2147483647;
			files = (
			);
			runOnlyForDeploymentPostprocessing = 0;
		};
		2F439EFA229BCAA600DD430B /* Resources */ = {
			isa = PBXResourcesBuildPhase;
			buildActionMask = 2147483647;
			files = (
			);
			runOnlyForDeploymentPostprocessing = 0;
		};
/* End PBXResourcesBuildPhase section */

/* Begin PBXShellScriptBuildPhase section */
		5DE741B492757BB4A86F3598 /* [CP] Copy Pods Resources */ = {
			isa = PBXShellScriptBuildPhase;
			buildActionMask = 2147483647;
			files = (
			);
			inputFileListPaths = (
				"${PODS_ROOT}/Target Support Files/Pods-AstronomicalTelescope/Pods-AstronomicalTelescope-resources-${CONFIGURATION}-input-files.xcfilelist",
			);
			name = "[CP] Copy Pods Resources";
			outputFileListPaths = (
				"${PODS_ROOT}/Target Support Files/Pods-AstronomicalTelescope/Pods-AstronomicalTelescope-resources-${CONFIGURATION}-output-files.xcfilelist",
			);
			runOnlyForDeploymentPostprocessing = 0;
			shellPath = /bin/sh;
			shellScript = "\"${PODS_ROOT}/Target Support Files/Pods-AstronomicalTelescope/Pods-AstronomicalTelescope-resources.sh\"\n";
			showEnvVarsInLog = 0;
		};
		8EED3AB088B7438516E4A740 /* [CP] Check Pods Manifest.lock */ = {
			isa = PBXShellScriptBuildPhase;
			buildActionMask = 2147483647;
			files = (
			);
			inputFileListPaths = (
			);
			inputPaths = (
				"${PODS_PODFILE_DIR_PATH}/Podfile.lock",
				"${PODS_ROOT}/Manifest.lock",
			);
			name = "[CP] Check Pods Manifest.lock";
			outputFileListPaths = (
			);
			outputPaths = (
				"$(DERIVED_FILE_DIR)/Pods-AstronomicalTelescope-checkManifestLockResult.txt",
			);
			runOnlyForDeploymentPostprocessing = 0;
			shellPath = /bin/sh;
			shellScript = "diff \"${PODS_PODFILE_DIR_PATH}/Podfile.lock\" \"${PODS_ROOT}/Manifest.lock\" > /dev/null\nif [ $? != 0 ] ; then\n    # print error to STDERR\n    echo \"error: The sandbox is not in sync with the Podfile.lock. Run 'pod install' or update your CocoaPods installation.\" >&2\n    exit 1\nfi\n# This output is used by Xcode 'outputs' to avoid re-running this script phase.\necho \"SUCCESS\" > \"${SCRIPT_OUTPUT_FILE_0}\"\n";
			showEnvVarsInLog = 0;
		};
/* End PBXShellScriptBuildPhase section */

/* Begin PBXSourcesBuildPhase section */
		2F439ED5229BCAA100DD430B /* Sources */ = {
			isa = PBXSourcesBuildPhase;
			buildActionMask = 2147483647;
			files = (
				2F9883CB22A67C890023326F /* WebViewVC.m in Sources */,
				2F439F13229BCB3900DD430B /* LoginViewController.m in Sources */,
				2F9883CC22A67C890023326F /* PhoneInterface.m in Sources */,
				4BACEF7322B7F09400C5D5DB /* MessageBoxVC.m in Sources */,
				2FA5E82122A0BF9E001BC56E /* SLWebViewController.m in Sources */,
				2F439EE1229BCAA100DD430B /* ViewController.m in Sources */,
				2FA5E82C22A0C4EF001BC56E /* PPConst.m in Sources */,
				2F140EB922B891CC00B241B9 /* PopListCell.m in Sources */,
				2F439EEC229BCAA600DD430B /* main.m in Sources */,
				2F9883D222A68A3D0023326F /* WebViewController.m in Sources */,
				2FA5E82822A0C482001BC56E /* BaseRequest.m in Sources */,
				2F439EDE229BCAA100DD430B /* AppDelegate.m in Sources */,
				2FA5E82722A0C482001BC56E /* PatrolHttpRequest.m in Sources */,
				1883313F22A27F140023378D /* UDPManage.m in Sources */,
				4B186EC122BE0761003BCB74 /* XSDLocationTools.m in Sources */,
			);
			runOnlyForDeploymentPostprocessing = 0;
		};
		2F439EED229BCAA600DD430B /* Sources */ = {
			isa = PBXSourcesBuildPhase;
			buildActionMask = 2147483647;
			files = (
				2F439EF6229BCAA600DD430B /* AstronomicalTelescopeTests.m in Sources */,
			);
			runOnlyForDeploymentPostprocessing = 0;
		};
		2F439EF8229BCAA600DD430B /* Sources */ = {
			isa = PBXSourcesBuildPhase;
			buildActionMask = 2147483647;
			files = (
				2F439F01229BCAA600DD430B /* AstronomicalTelescopeUITests.m in Sources */,
			);
			runOnlyForDeploymentPostprocessing = 0;
		};
/* End PBXSourcesBuildPhase section */

/* Begin PBXTargetDependency section */
		2F439EF3229BCAA600DD430B /* PBXTargetDependency */ = {
			isa = PBXTargetDependency;
			target = 2F439ED8229BCAA100DD430B /* AstronomicalTelescope */;
			targetProxy = 2F439EF2229BCAA600DD430B /* PBXContainerItemProxy */;
		};
		2F439EFE229BCAA600DD430B /* PBXTargetDependency */ = {
			isa = PBXTargetDependency;
			target = 2F439ED8229BCAA100DD430B /* AstronomicalTelescope */;
			targetProxy = 2F439EFD229BCAA600DD430B /* PBXContainerItemProxy */;
		};
/* End PBXTargetDependency section */

/* Begin PBXVariantGroup section */
		2F439EE2229BCAA100DD430B /* Main.storyboard */ = {
			isa = PBXVariantGroup;
			children = (
				2F439EE3229BCAA100DD430B /* Base */,
			);
			name = Main.storyboard;
			sourceTree = "<group>";
		};
		2F439EE7229BCAA600DD430B /* LaunchScreen.storyboard */ = {
			isa = PBXVariantGroup;
			children = (
				2F439EE8229BCAA600DD430B /* Base */,
			);
			name = LaunchScreen.storyboard;
			sourceTree = "<group>";
		};
/* End PBXVariantGroup section */

/* Begin XCBuildConfiguration section */
		2F439F03229BCAA600DD430B /* Debug */ = {
			isa = XCBuildConfiguration;
			buildSettings = {
				ALWAYS_SEARCH_USER_PATHS = NO;
				CLANG_ANALYZER_NONNULL = YES;
				CLANG_ANALYZER_NUMBER_OBJECT_CONVERSION = YES_AGGRESSIVE;
				CLANG_CXX_LANGUAGE_STANDARD = "gnu++14";
				CLANG_CXX_LIBRARY = "libc++";
				CLANG_ENABLE_MODULES = YES;
				CLANG_ENABLE_OBJC_ARC = YES;
				CLANG_ENABLE_OBJC_WEAK = YES;
				CLANG_WARN_BLOCK_CAPTURE_AUTORELEASING = YES;
				CLANG_WARN_BOOL_CONVERSION = YES;
				CLANG_WARN_COMMA = YES;
				CLANG_WARN_CONSTANT_CONVERSION = YES;
				CLANG_WARN_DEPRECATED_OBJC_IMPLEMENTATIONS = YES;
				CLANG_WARN_DIRECT_OBJC_ISA_USAGE = YES_ERROR;
				CLANG_WARN_DOCUMENTATION_COMMENTS = YES;
				CLANG_WARN_EMPTY_BODY = YES;
				CLANG_WARN_ENUM_CONVERSION = YES;
				CLANG_WARN_INFINITE_RECURSION = YES;
				CLANG_WARN_INT_CONVERSION = YES;
				CLANG_WARN_NON_LITERAL_NULL_CONVERSION = YES;
				CLANG_WARN_OBJC_IMPLICIT_RETAIN_SELF = YES;
				CLANG_WARN_OBJC_LITERAL_CONVERSION = YES;
				CLANG_WARN_OBJC_ROOT_CLASS = YES_ERROR;
				CLANG_WARN_RANGE_LOOP_ANALYSIS = YES;
				CLANG_WARN_STRICT_PROTOTYPES = YES;
				CLANG_WARN_SUSPICIOUS_MOVE = YES;
				CLANG_WARN_UNGUARDED_AVAILABILITY = YES_AGGRESSIVE;
				CLANG_WARN_UNREACHABLE_CODE = YES;
				CLANG_WARN__DUPLICATE_METHOD_MATCH = YES;
				CODE_SIGN_IDENTITY = "iPhone Developer";
				COPY_PHASE_STRIP = NO;
				DEBUG_INFORMATION_FORMAT = dwarf;
				ENABLE_STRICT_OBJC_MSGSEND = YES;
				ENABLE_TESTABILITY = YES;
				GCC_C_LANGUAGE_STANDARD = gnu11;
				GCC_DYNAMIC_NO_PIC = NO;
				GCC_NO_COMMON_BLOCKS = YES;
				GCC_OPTIMIZATION_LEVEL = 0;
				GCC_PREPROCESSOR_DEFINITIONS = (
					"DEBUG=1",
					"$(inherited)",
				);
				GCC_WARN_64_TO_32_BIT_CONVERSION = YES;
				GCC_WARN_ABOUT_RETURN_TYPE = YES_ERROR;
				GCC_WARN_UNDECLARED_SELECTOR = YES;
				GCC_WARN_UNINITIALIZED_AUTOS = YES_AGGRESSIVE;
				GCC_WARN_UNUSED_FUNCTION = YES;
				GCC_WARN_UNUSED_VARIABLE = YES;
				IPHONEOS_DEPLOYMENT_TARGET = 12.2;
				MTL_ENABLE_DEBUG_INFO = INCLUDE_SOURCE;
				MTL_FAST_MATH = YES;
				ONLY_ACTIVE_ARCH = YES;
				SDKROOT = iphoneos;
			};
			name = Debug;
		};
		2F439F04229BCAA600DD430B /* Release */ = {
			isa = XCBuildConfiguration;
			buildSettings = {
				ALWAYS_SEARCH_USER_PATHS = NO;
				CLANG_ANALYZER_NONNULL = YES;
				CLANG_ANALYZER_NUMBER_OBJECT_CONVERSION = YES_AGGRESSIVE;
				CLANG_CXX_LANGUAGE_STANDARD = "gnu++14";
				CLANG_CXX_LIBRARY = "libc++";
				CLANG_ENABLE_MODULES = YES;
				CLANG_ENABLE_OBJC_ARC = YES;
				CLANG_ENABLE_OBJC_WEAK = YES;
				CLANG_WARN_BLOCK_CAPTURE_AUTORELEASING = YES;
				CLANG_WARN_BOOL_CONVERSION = YES;
				CLANG_WARN_COMMA = YES;
				CLANG_WARN_CONSTANT_CONVERSION = YES;
				CLANG_WARN_DEPRECATED_OBJC_IMPLEMENTATIONS = YES;
				CLANG_WARN_DIRECT_OBJC_ISA_USAGE = YES_ERROR;
				CLANG_WARN_DOCUMENTATION_COMMENTS = YES;
				CLANG_WARN_EMPTY_BODY = YES;
				CLANG_WARN_ENUM_CONVERSION = YES;
				CLANG_WARN_INFINITE_RECURSION = YES;
				CLANG_WARN_INT_CONVERSION = YES;
				CLANG_WARN_NON_LITERAL_NULL_CONVERSION = YES;
				CLANG_WARN_OBJC_IMPLICIT_RETAIN_SELF = YES;
				CLANG_WARN_OBJC_LITERAL_CONVERSION = YES;
				CLANG_WARN_OBJC_ROOT_CLASS = YES_ERROR;
				CLANG_WARN_RANGE_LOOP_ANALYSIS = YES;
				CLANG_WARN_STRICT_PROTOTYPES = YES;
				CLANG_WARN_SUSPICIOUS_MOVE = YES;
				CLANG_WARN_UNGUARDED_AVAILABILITY = YES_AGGRESSIVE;
				CLANG_WARN_UNREACHABLE_CODE = YES;
				CLANG_WARN__DUPLICATE_METHOD_MATCH = YES;
				CODE_SIGN_IDENTITY = "iPhone Developer";
				COPY_PHASE_STRIP = NO;
				DEBUG_INFORMATION_FORMAT = "dwarf-with-dsym";
				ENABLE_NS_ASSERTIONS = NO;
				ENABLE_STRICT_OBJC_MSGSEND = YES;
				GCC_C_LANGUAGE_STANDARD = gnu11;
				GCC_NO_COMMON_BLOCKS = YES;
				GCC_WARN_64_TO_32_BIT_CONVERSION = YES;
				GCC_WARN_ABOUT_RETURN_TYPE = YES_ERROR;
				GCC_WARN_UNDECLARED_SELECTOR = YES;
				GCC_WARN_UNINITIALIZED_AUTOS = YES_AGGRESSIVE;
				GCC_WARN_UNUSED_FUNCTION = YES;
				GCC_WARN_UNUSED_VARIABLE = YES;
				IPHONEOS_DEPLOYMENT_TARGET = 12.2;
				MTL_ENABLE_DEBUG_INFO = NO;
				MTL_FAST_MATH = YES;
				SDKROOT = iphoneos;
				VALIDATE_PRODUCT = YES;
			};
			name = Release;
		};
		2F439F06229BCAA600DD430B /* Debug */ = {
			isa = XCBuildConfiguration;
			baseConfigurationReference = 613F2B9A4A5E09021DBA6E79 /* Pods-AstronomicalTelescope.debug.xcconfig */;
			buildSettings = {
				ASSETCATALOG_COMPILER_APPICON_NAME = AppIcon;
				CODE_SIGN_STYLE = Automatic;
				DEVELOPMENT_TEAM = V3RQ7D6UN4;
				GCC_INCREASE_PRECOMPILED_HEADER_SHARING = YES;
				GCC_PREFIX_HEADER = "$(SRCROOT)/AstronomicalTelescope/PrefixHeader.pch";
				INFOPLIST_FILE = AstronomicalTelescope/Info.plist;
				IPHONEOS_DEPLOYMENT_TARGET = 10.0;
				LD_RUNPATH_SEARCH_PATHS = (
					"$(inherited)",
					"@executable_path/Frameworks",
				);
				PRODUCT_BUNDLE_IDENTIFIER = com.meidyy.wuheGJ.AstronomicalTelescope;
				PRODUCT_NAME = "$(TARGET_NAME)";
				TARGETED_DEVICE_FAMILY = 1;
			};
			name = Debug;
		};
		2F439F07229BCAA600DD430B /* Release */ = {
			isa = XCBuildConfiguration;
			baseConfigurationReference = 5DDD1D9A364297F76D27DA4B /* Pods-AstronomicalTelescope.release.xcconfig */;
			buildSettings = {
				ASSETCATALOG_COMPILER_APPICON_NAME = AppIcon;
				CODE_SIGN_STYLE = Automatic;
				DEVELOPMENT_TEAM = V3RQ7D6UN4;
				GCC_INCREASE_PRECOMPILED_HEADER_SHARING = YES;
				GCC_PREFIX_HEADER = "$(SRCROOT)/AstronomicalTelescope/PrefixHeader.pch";
				INFOPLIST_FILE = AstronomicalTelescope/Info.plist;
				IPHONEOS_DEPLOYMENT_TARGET = 10.0;
				LD_RUNPATH_SEARCH_PATHS = (
					"$(inherited)",
					"@executable_path/Frameworks",
				);
				PRODUCT_BUNDLE_IDENTIFIER = com.meidyy.wuheGJ.AstronomicalTelescope;
				PRODUCT_NAME = "$(TARGET_NAME)";
				TARGETED_DEVICE_FAMILY = 1;
			};
			name = Release;
		};
		2F439F09229BCAA600DD430B /* Debug */ = {
			isa = XCBuildConfiguration;
			buildSettings = {
				BUNDLE_LOADER = "$(TEST_HOST)";
				CODE_SIGN_STYLE = Automatic;
				DEVELOPMENT_TEAM = V3RQ7D6UN4;
				INFOPLIST_FILE = AstronomicalTelescopeTests/Info.plist;
				LD_RUNPATH_SEARCH_PATHS = (
					"$(inherited)",
					"@executable_path/Frameworks",
					"@loader_path/Frameworks",
				);
				PRODUCT_BUNDLE_IDENTIFIER = com.meidyy.wuheGJ.AstronomicalTelescopeTests;
				PRODUCT_NAME = "$(TARGET_NAME)";
				TARGETED_DEVICE_FAMILY = "1,2";
				TEST_HOST = "$(BUILT_PRODUCTS_DIR)/AstronomicalTelescope.app/AstronomicalTelescope";
			};
			name = Debug;
		};
		2F439F0A229BCAA600DD430B /* Release */ = {
			isa = XCBuildConfiguration;
			buildSettings = {
				BUNDLE_LOADER = "$(TEST_HOST)";
				CODE_SIGN_STYLE = Automatic;
				DEVELOPMENT_TEAM = V3RQ7D6UN4;
				INFOPLIST_FILE = AstronomicalTelescopeTests/Info.plist;
				LD_RUNPATH_SEARCH_PATHS = (
					"$(inherited)",
					"@executable_path/Frameworks",
					"@loader_path/Frameworks",
				);
				PRODUCT_BUNDLE_IDENTIFIER = com.meidyy.wuheGJ.AstronomicalTelescopeTests;
				PRODUCT_NAME = "$(TARGET_NAME)";
				TARGETED_DEVICE_FAMILY = "1,2";
				TEST_HOST = "$(BUILT_PRODUCTS_DIR)/AstronomicalTelescope.app/AstronomicalTelescope";
			};
			name = Release;
		};
		2F439F0C229BCAA600DD430B /* Debug */ = {
			isa = XCBuildConfiguration;
			buildSettings = {
				CODE_SIGN_STYLE = Automatic;
				DEVELOPMENT_TEAM = V3RQ7D6UN4;
				INFOPLIST_FILE = AstronomicalTelescopeUITests/Info.plist;
				LD_RUNPATH_SEARCH_PATHS = (
					"$(inherited)",
					"@executable_path/Frameworks",
					"@loader_path/Frameworks",
				);
				PRODUCT_BUNDLE_IDENTIFIER = com.meidyy.wuheGJ.AstronomicalTelescopeUITests;
				PRODUCT_NAME = "$(TARGET_NAME)";
				TARGETED_DEVICE_FAMILY = "1,2";
				TEST_TARGET_NAME = AstronomicalTelescope;
			};
			name = Debug;
		};
		2F439F0D229BCAA600DD430B /* Release */ = {
			isa = XCBuildConfiguration;
			buildSettings = {
				CODE_SIGN_STYLE = Automatic;
				DEVELOPMENT_TEAM = V3RQ7D6UN4;
				INFOPLIST_FILE = AstronomicalTelescopeUITests/Info.plist;
				LD_RUNPATH_SEARCH_PATHS = (
					"$(inherited)",
					"@executable_path/Frameworks",
					"@loader_path/Frameworks",
				);
				PRODUCT_BUNDLE_IDENTIFIER = com.meidyy.wuheGJ.AstronomicalTelescopeUITests;
				PRODUCT_NAME = "$(TARGET_NAME)";
				TARGETED_DEVICE_FAMILY = "1,2";
				TEST_TARGET_NAME = AstronomicalTelescope;
			};
			name = Release;
		};
/* End XCBuildConfiguration section */

/* Begin XCConfigurationList section */
		2F439ED4229BCAA100DD430B /* Build configuration list for PBXProject "AstronomicalTelescope" */ = {
			isa = XCConfigurationList;
			buildConfigurations = (
				2F439F03229BCAA600DD430B /* Debug */,
				2F439F04229BCAA600DD430B /* Release */,
			);
			defaultConfigurationIsVisible = 0;
			defaultConfigurationName = Release;
		};
		2F439F05229BCAA600DD430B /* Build configuration list for PBXNativeTarget "AstronomicalTelescope" */ = {
			isa = XCConfigurationList;
			buildConfigurations = (
				2F439F06229BCAA600DD430B /* Debug */,
				2F439F07229BCAA600DD430B /* Release */,
			);
			defaultConfigurationIsVisible = 0;
			defaultConfigurationName = Release;
		};
		2F439F08229BCAA600DD430B /* Build configuration list for PBXNativeTarget "AstronomicalTelescopeTests" */ = {
			isa = XCConfigurationList;
			buildConfigurations = (
				2F439F09229BCAA600DD430B /* Debug */,
				2F439F0A229BCAA600DD430B /* Release */,
			);
			defaultConfigurationIsVisible = 0;
			defaultConfigurationName = Release;
		};
		2F439F0B229BCAA600DD430B /* Build configuration list for PBXNativeTarget "AstronomicalTelescopeUITests" */ = {
			isa = XCConfigurationList;
			buildConfigurations = (
				2F439F0C229BCAA600DD430B /* Debug */,
				2F439F0D229BCAA600DD430B /* Release */,
			);
			defaultConfigurationIsVisible = 0;
			defaultConfigurationName = Release;
		};
/* End XCConfigurationList section */
	};
	rootObject = 2F439ED1229BCAA100DD430B /* Project object */;
}
